
Microsoft Visual Studio Solution File, Format Version 12.00
# Visual Studio 15
VisualStudioVersion = 15.0.26127.0
MinimumVisualStudioVersion = 10.0.40219.1
Project("{2150E333-8FDC-42A3-9474-1A3956D46DE8}") = "src", "src", "{E68361AE-2173-40B0-9017-8119D80852B3}"
EndProject
Project("{2150E333-8FDC-42A3-9474-1A3956D46DE8}") = "tests", "tests", "{51EC34B8-2F67-4586-8F54-C0D1CB5438E2}"
EndProject
Project("{FAE04EC0-301F-11D3-BF4B-00C04F79EFBC}") = "Api", "src\Api\Api.csproj", "{1546DF3F-A385-48D8-B193-205C46C33912}"
EndProject
Project("{FAE04EC0-301F-11D3-BF4B-00C04F79EFBC}") = "Client", "src\Client\Client.csproj", "{BFCFF9A2-A140-4E9C-8721-7328571551F9}"
EndProject
Project("{FAE04EC0-301F-11D3-BF4B-00C04F79EFBC}") = "ResourcePasswordOwner", "src\ResourcePasswordOwner\ResourcePasswordOwner.csproj", "{D7CBE903-3871-444E-897F-7EF05A07F7A2}"
EndProject
Project("{FAE04EC0-301F-11D3-BF4B-00C04F79EFBC}") = "MvcClient", "src\MvcClient\MvcClient.csproj", "{E0915FD1-9021-4ACA-9FDF-EAF8315FFB01}"
EndProject
Project("{FAE04EC0-301F-11D3-BF4B-00C04F79EFBC}") = "IdentityServerAspNetIdentity", "src\IdentityServerAspNetIdentity\IdentityServerAspNetIdentity.csproj", "{57DF7442-E8DD-4DA2-A593-0956D70A26F4}"
EndProject
Project("{2150E333-8FDC-42A3-9474-1A3956D46DE8}") = "Solution Items", "Solution Items", "{67139260-CCD7-4839-9232-8D182D6C4B36}"
EndProject
Global
	GlobalSection(SolutionConfigurationPlatforms) = preSolution
		Debug|Any CPU = Debug|Any CPU
		Debug|x64 = Debug|x64
		Debug|x86 = Debug|x86
		Release|Any CPU = Release|Any CPU
		Release|x64 = Release|x64
		Release|x86 = Release|x86
	EndGlobalSection
	GlobalSection(ProjectConfigurationPlatforms) = postSolution
		{1546DF3F-A385-48D8-B193-205C46C33912}.Debug|Any CPU.ActiveCfg = Debug|Any CPU
		{1546DF3F-A385-48D8-B193-205C46C33912}.Debug|Any CPU.Build.0 = Debug|Any CPU
		{1546DF3F-A385-48D8-B193-205C46C33912}.Debug|x64.ActiveCfg = Debug|x64
		{1546DF3F-A385-48D8-B193-205C46C33912}.Debug|x64.Build.0 = Debug|x64
		{1546DF3F-A385-48D8-B193-205C46C33912}.Debug|x86.ActiveCfg = Debug|x86
		{1546DF3F-A385-48D8-B193-205C46C33912}.Debug|x86.Build.0 = Debug|x86
		{1546DF3F-A385-48D8-B193-205C46C33912}.Release|Any CPU.ActiveCfg = Release|Any CPU
		{1546DF3F-A385-48D8-B193-205C46C33912}.Release|Any CPU.Build.0 = Release|Any CPU
		{1546DF3F-A385-48D8-B193-205C46C33912}.Release|x64.ActiveCfg = Release|x64
		{1546DF3F-A385-48D8-B193-205C46C33912}.Release|x64.Build.0 = Release|x64
		{1546DF3F-A385-48D8-B193-205C46C33912}.Release|x86.ActiveCfg = Release|x86
		{1546DF3F-A385-48D8-B193-205C46C33912}.Release|x86.Build.0 = Release|x86
		{BFCFF9A2-A140-4E9C-8721-7328571551F9}.Debug|Any CPU.ActiveCfg = Debug|Any CPU
		{BFCFF9A2-A140-4E9C-8721-7328571551F9}.Debug|Any CPU.Build.0 = Debug|Any CPU
		{BFCFF9A2-A140-4E9C-8721-7328571551F9}.Debug|x64.ActiveCfg = Debug|x64
		{BFCFF9A2-A140-4E9C-8721-7328571551F9}.Debug|x64.Build.0 = Debug|x64
		{BFCFF9A2-A140-4E9C-8721-7328571551F9}.Debug|x86.ActiveCfg = Debug|x86
		{BFCFF9A2-A140-4E9C-8721-7328571551F9}.Debug|x86.Build.0 = Debug|x86
		{BFCFF9A2-A140-4E9C-8721-7328571551F9}.Release|Any CPU.ActiveCfg = Release|Any CPU
		{BFCFF9A2-A140-4E9C-8721-7328571551F9}.Release|Any CPU.Build.0 = Release|Any CPU
		{BFCFF9A2-A140-4E9C-8721-7328571551F9}.Release|x64.ActiveCfg = Release|x64
		{BFCFF9A2-A140-4E9C-8721-7328571551F9}.Release|x64.Build.0 = Release|x64
		{BFCFF9A2-A140-4E9C-8721-7328571551F9}.Release|x86.ActiveCfg = Release|x86
		{BFCFF9A2-A140-4E9C-8721-7328571551F9}.Release|x86.Build.0 = Release|x86
		{D7CBE903-3871-444E-897F-7EF05A07F7A2}.Debug|Any CPU.ActiveCfg = Debug|Any CPU
		{D7CBE903-3871-444E-897F-7EF05A07F7A2}.Debug|Any CPU.Build.0 = Debug|Any CPU
		{D7CBE903-3871-444E-897F-7EF05A07F7A2}.Debug|x64.ActiveCfg = Debug|x64
		{D7CBE903-3871-444E-897F-7EF05A07F7A2}.Debug|x64.Build.0 = Debug|x64
		{D7CBE903-3871-444E-897F-7EF05A07F7A2}.Debug|x86.ActiveCfg = Debug|x86
		{D7CBE903-3871-444E-897F-7EF05A07F7A2}.Debug|x86.Build.0 = Debug|x86
		{D7CBE903-3871-444E-897F-7EF05A07F7A2}.Release|Any CPU.ActiveCfg = Release|Any CPU
		{D7CBE903-3871-444E-897F-7EF05A07F7A2}.Release|Any CPU.Build.0 = Release|Any CPU
		{D7CBE903-3871-444E-897F-7EF05A07F7A2}.Release|x64.ActiveCfg = Release|x64
		{D7CBE903-3871-444E-897F-7EF05A07F7A2}.Release|x64.Build.0 = Release|x64
		{D7CBE903-3871-444E-897F-7EF05A07F7A2}.Release|x86.ActiveCfg = Release|x86
		{D7CBE903-3871-444E-897F-7EF05A07F7A2}.Release|x86.Build.0 = Release|x86
		{E0915FD1-9021-4ACA-9FDF-EAF8315FFB01}.Debug|Any CPU.ActiveCfg = Debug|Any CPU
		{E0915FD1-9021-4ACA-9FDF-EAF8315FFB01}.Debug|Any CPU.Build.0 = Debug|Any CPU
		{E0915FD1-9021-4ACA-9FDF-EAF8315FFB01}.Debug|x64.ActiveCfg = Debug|x64
		{E0915FD1-9021-4ACA-9FDF-EAF8315FFB01}.Debug|x64.Build.0 = Debug|x64
		{E0915FD1-9021-4ACA-9FDF-EAF8315FFB01}.Debug|x86.ActiveCfg = Debug|x86
		{E0915FD1-9021-4ACA-9FDF-EAF8315FFB01}.Debug|x86.Build.0 = Debug|x86
		{E0915FD1-9021-4ACA-9FDF-EAF8315FFB01}.Release|Any CPU.ActiveCfg = Release|Any CPU
		{E0915FD1-9021-4ACA-9FDF-EAF8315FFB01}.Release|Any CPU.Build.0 = Release|Any CPU
		{E0915FD1-9021-4ACA-9FDF-EAF8315FFB01}.Release|x64.ActiveCfg = Release|x64
		{E0915FD1-9021-4ACA-9FDF-EAF8315FFB01}.Release|x64.Build.0 = Release|x64
		{E0915FD1-9021-4ACA-9FDF-EAF8315FFB01}.Release|x86.ActiveCfg = Release|x86
		{E0915FD1-9021-4ACA-9FDF-EAF8315FFB01}.Release|x86.Build.0 = Release|x86
		{57DF7442-E8DD-4DA2-A593-0956D70A26F4}.Debug|Any CPU.ActiveCfg = Debug|Any CPU
		{57DF7442-E8DD-4DA2-A593-0956D70A26F4}.Debug|Any CPU.Build.0 = Debug|Any CPU
		{57DF7442-E8DD-4DA2-A593-0956D70A26F4}.Debug|x64.ActiveCfg = Debug|x64
		{57DF7442-E8DD-4DA2-A593-0956D70A26F4}.Debug|x64.Build.0 = Debug|x64
		{57DF7442-E8DD-4DA2-A593-0956D70A26F4}.Debug|x86.ActiveCfg = Debug|x86
		{57DF7442-E8DD-4DA2-A593-0956D70A26F4}.Debug|x86.Build.0 = Debug|x86
		{57DF7442-E8DD-4DA2-A593-0956D70A26F4}.Release|Any CPU.ActiveCfg = Release|Any CPU
		{57DF7442-E8DD-4DA2-A593-0956D70A26F4}.Release|Any CPU.Build.0 = Release|Any CPU
		{57DF7442-E8DD-4DA2-A593-0956D70A26F4}.Release|x64.ActiveCfg = Release|x64
		{57DF7442-E8DD-4DA2-A593-0956D70A26F4}.Release|x64.Build.0 = Release|x64
		{57DF7442-E8DD-4DA2-A593-0956D70A26F4}.Release|x86.ActiveCfg = Release|x86
		{57DF7442-E8DD-4DA2-A593-0956D70A26F4}.Release|x86.Build.0 = Release|x86
	EndGlobalSection
	GlobalSection(SolutionProperties) = preSolution
		HideSolutionNode = FALSE
	EndGlobalSection
	GlobalSection(NestedProjects) = preSolution
		{1546DF3F-A385-48D8-B193-205C46C33912} = {E68361AE-2173-40B0-9017-8119D80852B3}
		{BFCFF9A2-A140-4E9C-8721-7328571551F9} = {E68361AE-2173-40B0-9017-8119D80852B3}
		{D7CBE903-3871-444E-897F-7EF05A07F7A2} = {E68361AE-2173-40B0-9017-8119D80852B3}
		{E0915FD1-9021-4ACA-9FDF-EAF8315FFB01} = {E68361AE-2173-40B0-9017-8119D80852B3}
		{57DF7442-E8DD-4DA2-A593-0956D70A26F4} = {E68361AE-2173-40B0-9017-8119D80852B3}
	EndGlobalSection
EndGlobal
